
Microsoft Visual Studio Solution File, Format Version 12.00
# Visual Studio Version 16
VisualStudioVersion = 16.0.32228.343
MinimumVisualStudioVersion = 10.0.40219.1
Project("{FAE04EC0-301F-11D3-BF4B-00C04F79EFBC}") = "GettingStartedLib", "GettingStartedLib.csproj", "{A74A86CB-8551-4C69-B692-F901673CF135}"
EndProject
Project("{FAE04EC0-301F-11D3-BF4B-00C04F79EFBC}") = "GettingStartedHost", "..\GettingStartedHost\GettingStartedHost.csproj", "{14EE10EE-A218-40AB-896B-01AE25927ACE}"
EndProject
Project("{FAE04EC0-301F-11D3-BF4B-00C04F79EFBC}") = "GettingStertedClient", "..\GettingStertedClient\GettingStertedClient.csproj", "{3A75007A-8183-4355-8916-C1F4AE5EA3E1}"
	ProjectSection(ProjectDependencies) = postProject
		{A74A86CB-8551-4C69-B692-F901673CF135} = {A74A86CB-8551-4C69-B692-F901673CF135}
	EndProjectSection
EndProject
Global
	GlobalSection(SolutionConfigurationPlatforms) = preSolution
		Debug|Any CPU = Debug|Any CPU
		Release|Any CPU = Release|Any CPU
	EndGlobalSection
	GlobalSection(ProjectConfigurationPlatforms) = postSolution
		{A74A86CB-8551-4C69-B692-F901673CF135}.Debug|Any CPU.ActiveCfg = Debug|Any CPU
		{A74A86CB-8551-4C69-B692-F901673CF135}.Debug|Any CPU.Build.0 = Debug|Any CPU
		{A74A86CB-8551-4C69-B692-F901673CF135}.Release|Any CPU.ActiveCfg = Release|Any CPU
		{A74A86CB-8551-4C69-B692-F901673CF135}.Release|Any CPU.Build.0 = Release|Any CPU
		{14EE10EE-A218-40AB-896B-01AE25927ACE}.Debug|Any CPU.ActiveCfg = Debug|Any CPU
		{14EE10EE-A218-40AB-896B-01AE25927ACE}.Debug|Any CPU.Build.0 = Debug|Any CPU
		{14EE10EE-A218-40AB-896B-01AE25927ACE}.Release|Any CPU.ActiveCfg = Release|Any CPU
		{14EE10EE-A218-40AB-896B-01AE25927ACE}.Release|Any CPU.Build.0 = Release|Any CPU
		{3A75007A-8183-4355-8916-C1F4AE5EA3E1}.Debug|Any CPU.ActiveCfg = Debug|Any CPU
		{3A75007A-8183-4355-8916-C1F4AE5EA3E1}.Debug|Any CPU.Build.0 = Debug|Any CPU
		{3A75007A-8183-4355-8916-C1F4AE5EA3E1}.Release|Any CPU.ActiveCfg = Release|Any CPU
		{3A75007A-8183-4355-8916-C1F4AE5EA3E1}.Release|Any CPU.Build.0 = Release|Any CPU
	EndGlobalSection
	GlobalSection(SolutionProperties) = preSolution
		HideSolutionNode = FALSE
	EndGlobalSection
	GlobalSection(ExtensibilityGlobals) = postSolution
		SolutionGuid = {D3C73674-C9C1-49F8-8DE5-A458494919CD}
	EndGlobalSection
EndGlobal
