
Microsoft Visual Studio Solution File, Format Version 12.00
# Visual Studio Version 16
VisualStudioVersion = 16.0.32228.343
MinimumVisualStudioVersion = 10.0.40219.1
Project("{FAE04EC0-301F-11D3-BF4B-00C04F79EFBC}") = "LoanCalc", "LoanCalc.csproj", "{642D64B3-C8EC-4EAE-9A6A-24D267911E14}"
EndProject
Global
	GlobalSection(SolutionConfigurationPlatforms) = preSolution
		Debug|Any CPU = Debug|Any CPU
		Release|Any CPU = Release|Any CPU
	EndGlobalSection
	GlobalSection(ProjectConfigurationPlatforms) = postSolution
		{642D64B3-C8EC-4EAE-9A6A-24D267911E14}.Debug|Any CPU.ActiveCfg = Debug|Any CPU
		{642D64B3-C8EC-4EAE-9A6A-24D267911E14}.Debug|Any CPU.Build.0 = Debug|Any CPU
		{642D64B3-C8EC-4EAE-9A6A-24D267911E14}.Release|Any CPU.ActiveCfg = Release|Any CPU
		{642D64B3-C8EC-4EAE-9A6A-24D267911E14}.Release|Any CPU.Build.0 = Release|Any CPU
	EndGlobalSection
	GlobalSection(SolutionProperties) = preSolution
		HideSolutionNode = FALSE
	EndGlobalSection
	GlobalSection(ExtensibilityGlobals) = postSolution
		SolutionGuid = {E2689B35-7F86-4D6A-AF53-BACEDA135AEC}
	EndGlobalSection
EndGlobal
